
Microsoft Visual Studio Solution File, Format Version 12.00
# Visual Studio Version 17
VisualStudioVersion = 17.4.32916.344
MinimumVisualStudioVersion = 10.0.40219.1
Project("{FAE04EC0-301F-11D3-BF4B-00C04F79EFBC}") = "Lecture_2", "Lecture_2.csproj", "{DF46CA0E-9A74-440C-9E7D-F0C675AB863F}"
EndProject
Global
	GlobalSection(SolutionConfigurationPlatforms) = preSolution
		Debug|Any CPU = Debug|Any CPU
		Release|Any CPU = Release|Any CPU
	EndGlobalSection
	GlobalSection(ProjectConfigurationPlatforms) = postSolution
		{DF46CA0E-9A74-440C-9E7D-F0C675AB863F}.Debug|Any CPU.ActiveCfg = Debug|Any CPU
		{DF46CA0E-9A74-440C-9E7D-F0C675AB863F}.Debug|Any CPU.Build.0 = Debug|Any CPU
		{DF46CA0E-9A74-440C-9E7D-F0C675AB863F}.Release|Any CPU.ActiveCfg = Release|Any CPU
		{DF46CA0E-9A74-440C-9E7D-F0C675AB863F}.Release|Any CPU.Build.0 = Release|Any CPU
	EndGlobalSection
	GlobalSection(SolutionProperties) = preSolution
		HideSolutionNode = FALSE
	EndGlobalSection
	GlobalSection(ExtensibilityGlobals) = postSolution
		SolutionGuid = {1C358F5B-9488-449A-9DF0-1A4F8DC3461E}
	EndGlobalSection
EndGlobal
